
Microsoft Visual Studio Solution File, Format Version 12.00
# Visual Studio Version 17
VisualStudioVersion = 17.11.35431.28
MinimumVisualStudioVersion = 10.0.40219.1
Project("{9A19103F-16F7-4668-BE54-9A1E7A4F7556}") = "MyEcommerceApp", "MyEcommerceApp.csproj", "{44AED263-465E-4249-B581-5324D75CBE88}"
EndProject
Global
	GlobalSection(SolutionConfigurationPlatforms) = preSolution
		Debug|Any CPU = Debug|Any CPU
		Release|Any CPU = Release|Any CPU
	EndGlobalSection
	GlobalSection(ProjectConfigurationPlatforms) = postSolution
		{44AED263-465E-4249-B581-5324D75CBE88}.Debug|Any CPU.ActiveCfg = Debug|Any CPU
		{44AED263-465E-4249-B581-5324D75CBE88}.Debug|Any CPU.Build.0 = Debug|Any CPU
		{44AED263-465E-4249-B581-5324D75CBE88}.Release|Any CPU.ActiveCfg = Release|Any CPU
		{44AED263-465E-4249-B581-5324D75CBE88}.Release|Any CPU.Build.0 = Release|Any CPU
	EndGlobalSection
	GlobalSection(SolutionProperties) = preSolution
		HideSolutionNode = FALSE
	EndGlobalSection
	GlobalSection(ExtensibilityGlobals) = postSolution
		SolutionGuid = {FC5D19D8-7B6C-42B9-8B88-EF34CD9AAFD1}
	EndGlobalSection
EndGlobal
